
Microsoft Visual Studio Solution File, Format Version 12.00
# Visual Studio Version 17
VisualStudioVersion = 17.7.34202.233
MinimumVisualStudioVersion = 10.0.40219.1
Project("{FAE04EC0-301F-11D3-BF4B-00C04F79EFBC}") = "WebAPI", "WebAPI\WebAPI.csproj", "{E828772F-8C07-4162-B714-380D810FB9BD}"
EndProject
Project("{FAE04EC0-301F-11D3-BF4B-00C04F79EFBC}") = "Borsan_Alexandra_Lab11", "Borsan_Alexandra_Lab11\Borsan_Alexandra_Lab11.csproj", "{83294141-9458-486A-BBD7-E11CDA02055E}"
EndProject
Global
	GlobalSection(SolutionConfigurationPlatforms) = preSolution
		Debug|Any CPU = Debug|Any CPU
		Release|Any CPU = Release|Any CPU
	EndGlobalSection
	GlobalSection(ProjectConfigurationPlatforms) = postSolution
		{E828772F-8C07-4162-B714-380D810FB9BD}.Debug|Any CPU.ActiveCfg = Debug|Any CPU
		{E828772F-8C07-4162-B714-380D810FB9BD}.Debug|Any CPU.Build.0 = Debug|Any CPU
		{E828772F-8C07-4162-B714-380D810FB9BD}.Release|Any CPU.ActiveCfg = Release|Any CPU
		{E828772F-8C07-4162-B714-380D810FB9BD}.Release|Any CPU.Build.0 = Release|Any CPU
		{83294141-9458-486A-BBD7-E11CDA02055E}.Debug|Any CPU.ActiveCfg = Debug|Any CPU
		{83294141-9458-486A-BBD7-E11CDA02055E}.Debug|Any CPU.Build.0 = Debug|Any CPU
		{83294141-9458-486A-BBD7-E11CDA02055E}.Debug|Any CPU.Deploy.0 = Debug|Any CPU
		{83294141-9458-486A-BBD7-E11CDA02055E}.Release|Any CPU.ActiveCfg = Release|Any CPU
		{83294141-9458-486A-BBD7-E11CDA02055E}.Release|Any CPU.Build.0 = Release|Any CPU
		{83294141-9458-486A-BBD7-E11CDA02055E}.Release|Any CPU.Deploy.0 = Release|Any CPU
	EndGlobalSection
	GlobalSection(SolutionProperties) = preSolution
		HideSolutionNode = FALSE
	EndGlobalSection
	GlobalSection(ExtensibilityGlobals) = postSolution
		SolutionGuid = {1A8336FB-B9C6-41E0-8364-AE7EF09D1970}
	EndGlobalSection
EndGlobal
